{"1.1.0",
[{<<"aten">>,{pkg,<<"aten">>,<<"0.5.3">>},0},
 {<<"gen_batch_server">>,{pkg,<<"gen_batch_server">>,<<"0.8.2">>},0}]}.
[
{pkg_hash,[
 {<<"aten">>, <<"C23747FB01C6A1248B2624EE2EAAD7B57ACAF2B5451B14DF4ACDF26CECDD91A7">>},
 {<<"gen_batch_server">>, <<"547F5656937AB36F1FB7921263F2F3E82D685AE99F32BCE06B803719AAE5D829">>}]}
].
