{"1.2.0",
[{<<"aten">>,{pkg,<<"aten">>,<<"0.5.7">>},0},
 {<<"gen_batch_server">>,{pkg,<<"gen_batch_server">>,<<"0.8.7">>},0}]}.
[
{pkg_hash,[
 {<<"aten">>, <<"F88EB38CEADC0710B84B5D78F0357D766733D80902D50AC69B70CDF834992DAA">>},
 {<<"gen_batch_server">>, <<"1D91A3605D3110EC791F00D5968E86E62FD4C6979E760796A51D50A7ACC7A40D">>}]},
{pkg_hash_ext,[
 {<<"aten">>, <<"8B623C8BE27B59A911D16AB0AF41777B504C147BC0D60A29015FAB58321C04B0">>},
 {<<"gen_batch_server">>, <<"94A49A528486298B009D2A1B452132C0A0D68B3E89D17D3764CB1EC879B7557A">>}]}
].
